# This file is automatically @generated by Cargo.
# It is not intended for manual editing.
version = 3

[[package]]
name = "homie-api"
version = "0.1.0"

[[package]]
name = "homie-core"
version = "0.1.0"

[[package]]
name = "homie-data"
version = "0.1.0"

[[package]]
name = "homie-webapp"
version = "0.1.0"
